
Microsoft Visual Studio Solution File, Format Version 12.00
# Visual Studio 15
VisualStudioVersion = 15.0.34031.82
MinimumVisualStudioVersion = 10.0.40219.1
Project("{FAE04EC0-301F-11D3-BF4B-00C04F79EFBC}") = "Section2Exercises", "Section2Exercises\Section2Exercises.csproj", "{14D35761-79BA-4295-9691-C227405344C8}"
EndProject
Project("{FAE04EC0-301F-11D3-BF4B-00C04F79EFBC}") = "Section4InheritanceExercises", "Section4InheritanceExercises\Section4InheritanceExercises.csproj", "{94B32382-0415-40B6-9930-FCD79962A696}"
EndProject
Project("{FAE04EC0-301F-11D3-BF4B-00C04F79EFBC}") = "Section5PolymorphismExercises", "Section5PolymorphismExercises\Section5PolymorphismExercises.csproj", "{F302A658-09DA-45C6-BC0C-E451F3DDE2A2}"
EndProject
Global
	GlobalSection(SolutionConfigurationPlatforms) = preSolution
		Debug|Any CPU = Debug|Any CPU
		Release|Any CPU = Release|Any CPU
	EndGlobalSection
	GlobalSection(ProjectConfigurationPlatforms) = postSolution
		{14D35761-79BA-4295-9691-C227405344C8}.Debug|Any CPU.ActiveCfg = Debug|Any CPU
		{14D35761-79BA-4295-9691-C227405344C8}.Debug|Any CPU.Build.0 = Debug|Any CPU
		{14D35761-79BA-4295-9691-C227405344C8}.Release|Any CPU.ActiveCfg = Release|Any CPU
		{14D35761-79BA-4295-9691-C227405344C8}.Release|Any CPU.Build.0 = Release|Any CPU
		{94B32382-0415-40B6-9930-FCD79962A696}.Debug|Any CPU.ActiveCfg = Debug|Any CPU
		{94B32382-0415-40B6-9930-FCD79962A696}.Debug|Any CPU.Build.0 = Debug|Any CPU
		{94B32382-0415-40B6-9930-FCD79962A696}.Release|Any CPU.ActiveCfg = Release|Any CPU
		{94B32382-0415-40B6-9930-FCD79962A696}.Release|Any CPU.Build.0 = Release|Any CPU
		{F302A658-09DA-45C6-BC0C-E451F3DDE2A2}.Debug|Any CPU.ActiveCfg = Debug|Any CPU
		{F302A658-09DA-45C6-BC0C-E451F3DDE2A2}.Debug|Any CPU.Build.0 = Debug|Any CPU
		{F302A658-09DA-45C6-BC0C-E451F3DDE2A2}.Release|Any CPU.ActiveCfg = Release|Any CPU
		{F302A658-09DA-45C6-BC0C-E451F3DDE2A2}.Release|Any CPU.Build.0 = Release|Any CPU
	EndGlobalSection
	GlobalSection(SolutionProperties) = preSolution
		HideSolutionNode = FALSE
	EndGlobalSection
	GlobalSection(ExtensibilityGlobals) = postSolution
		SolutionGuid = {E47B31F1-6028-47D7-88F3-01F9FF56AA25}
	EndGlobalSection
EndGlobal
